
Microsoft Visual Studio Solution File, Format Version 12.00
# Visual Studio Version 16
VisualStudioVersion = 16.0.32510.428
MinimumVisualStudioVersion = 10.0.40219.1
Project("{FAE04EC0-301F-11D3-BF4B-00C04F79EFBC}") = "בול פגיעה", "בול פגיעה\בול פגיעה.csproj", "{EE6EC8C5-2547-4208-BB5F-5EAC958514D5}"
EndProject
Global
	GlobalSection(SolutionConfigurationPlatforms) = preSolution
		Debug|Any CPU = Debug|Any CPU
		Release|Any CPU = Release|Any CPU
	EndGlobalSection
	GlobalSection(ProjectConfigurationPlatforms) = postSolution
		{EE6EC8C5-2547-4208-BB5F-5EAC958514D5}.Debug|Any CPU.ActiveCfg = Debug|Any CPU
		{EE6EC8C5-2547-4208-BB5F-5EAC958514D5}.Debug|Any CPU.Build.0 = Debug|Any CPU
		{EE6EC8C5-2547-4208-BB5F-5EAC958514D5}.Release|Any CPU.ActiveCfg = Release|Any CPU
		{EE6EC8C5-2547-4208-BB5F-5EAC958514D5}.Release|Any CPU.Build.0 = Release|Any CPU
	EndGlobalSection
	GlobalSection(SolutionProperties) = preSolution
		HideSolutionNode = FALSE
	EndGlobalSection
	GlobalSection(ExtensibilityGlobals) = postSolution
		SolutionGuid = {75B8839A-F2A2-4CD3-B1C7-7EA1C1743AB3}
	EndGlobalSection
EndGlobal
